
Microsoft Visual Studio Solution File, Format Version 12.00
# Visual Studio 15
VisualStudioVersion = 15.0.28307.705
MinimumVisualStudioVersion = 10.0.40219.1
Project("{8BC9CEB8-8B4A-11D0-8D11-00A0C91BC942}") = "OpenEXRTranscode", "OpenEXRTranscode.vcxproj", "{A6D37859-8423-48C4-BBDF-D0CD30DEC785}"
EndProject
Project("{2150E333-8FDC-42A3-9474-1A3956D46DE8}") = "Solution Items", "Solution Items", "{71B95161-BB85-41E5-A2C5-D2773C0F297F}"
EndProject
Global
	GlobalSection(SolutionConfigurationPlatforms) = preSolution
		Debug|x64 = Debug|x64
		Debug|x86 = Debug|x86
		Release|x64 = Release|x64
		Release|x86 = Release|x86
	EndGlobalSection
	GlobalSection(ProjectConfigurationPlatforms) = postSolution
		{A6D37859-8423-48C4-BBDF-D0CD30DEC785}.Debug|x64.ActiveCfg = Debug|x64
		{A6D37859-8423-48C4-BBDF-D0CD30DEC785}.Debug|x64.Build.0 = Debug|x64
		{A6D37859-8423-48C4-BBDF-D0CD30DEC785}.Debug|x86.ActiveCfg = Debug|Win32
		{A6D37859-8423-48C4-BBDF-D0CD30DEC785}.Debug|x86.Build.0 = Debug|Win32
		{A6D37859-8423-48C4-BBDF-D0CD30DEC785}.Release|x64.ActiveCfg = Release|x64
		{A6D37859-8423-48C4-BBDF-D0CD30DEC785}.Release|x64.Build.0 = Release|x64
		{A6D37859-8423-48C4-BBDF-D0CD30DEC785}.Release|x86.ActiveCfg = Release|Win32
		{A6D37859-8423-48C4-BBDF-D0CD30DEC785}.Release|x86.Build.0 = Release|Win32
	EndGlobalSection
	GlobalSection(SolutionProperties) = preSolution
		HideSolutionNode = FALSE
	EndGlobalSection
	GlobalSection(ExtensibilityGlobals) = postSolution
		SolutionGuid = {6DCCEBB5-65E3-4898-9789-514A2B088E11}
	EndGlobalSection
EndGlobal
